// !$*UTF8*$!
{
	archiveVersion = 1;
	classes = {
	};
	objectVersion = 56;
	objects = {

/* Begin PBXBuildFile section */
		62C7DEAE2A0B2652004B76DE /* AppDelegate.swift in Sources */ = {isa = PBXBuildFile; fileRef = 62C7DEAD2A0B2652004B76DE /* AppDelegate.swift */; };
		62C7DEB02A0B2652004B76DE /* SceneDelegate.swift in Sources */ = {isa = PBXBuildFile; fileRef = 62C7DEAF2A0B2652004B76DE /* SceneDelegate.swift */; };
		62C7DEB22A0B2652004B76DE /* ViewController.swift in Sources */ = {isa = PBXBuildFile; fileRef = 62C7DEB12A0B2652004B76DE /* ViewController.swift */; };
		62C7DEB52A0B2652004B76DE /* Main.storyboard in Resources */ = {isa = PBXBuildFile; fileRef = 62C7DEB32A0B2652004B76DE /* Main.storyboard */; };
		62C7DEB82A0B2652004B76DE /* trabalho_final.xcdatamodeld in Sources */ = {isa = PBXBuildFile; fileRef = 62C7DEB62A0B2652004B76DE /* trabalho_final.xcdatamodeld */; };
		62C7DEBA2A0B2656004B76DE /* Assets.xcassets in Resources */ = {isa = PBXBuildFile; fileRef = 62C7DEB92A0B2656004B76DE /* Assets.xcassets */; };
		62C7DEBD2A0B2656004B76DE /* LaunchScreen.storyboard in Resources */ = {isa = PBXBuildFile; fileRef = 62C7DEBB2A0B2656004B76DE /* LaunchScreen.storyboard */; };
		62D6F1502A1AC99F00715F0A /* ChecklistViewController.swift in Sources */ = {isa = PBXBuildFile; fileRef = 62D6F14F2A1AC99F00715F0A /* ChecklistViewController.swift */; };
		62D6F1562A1ACE5E00715F0A /* ChecklistModel.swift in Sources */ = {isa = PBXBuildFile; fileRef = 62D6F1552A1ACE5E00715F0A /* ChecklistModel.swift */; };
		62D6F1592A1AFF7200715F0A /* Extensions.swift in Sources */ = {isa = PBXBuildFile; fileRef = 62D6F1582A1AFF7200715F0A /* Extensions.swift */; };
		62D6F15C2A1B09EB00715F0A /* Colors.xcassets in Resources */ = {isa = PBXBuildFile; fileRef = 62D6F15B2A1B09EB00715F0A /* Colors.xcassets */; };
/* End PBXBuildFile section */

/* Begin PBXFileReference section */
		62C7DEAA2A0B2652004B76DE /* trabalho-final.app */ = {isa = PBXFileReference; explicitFileType = wrapper.application; includeInIndex = 0; path = "trabalho-final.app"; sourceTree = BUILT_PRODUCTS_DIR; };
		62C7DEAD2A0B2652004B76DE /* AppDelegate.swift */ = {isa = PBXFileReference; lastKnownFileType = sourcecode.swift; path = AppDelegate.swift; sourceTree = "<group>"; };
		62C7DEAF2A0B2652004B76DE /* SceneDelegate.swift */ = {isa = PBXFileReference; lastKnownFileType = sourcecode.swift; path = SceneDelegate.swift; sourceTree = "<group>"; };
		62C7DEB12A0B2652004B76DE /* ViewController.swift */ = {isa = PBXFileReference; lastKnownFileType = sourcecode.swift; path = ViewController.swift; sourceTree = "<group>"; };
		62C7DEB42A0B2652004B76DE /* Base */ = {isa = PBXFileReference; lastKnownFileType = file.storyboard; name = Base; path = Base.lproj/Main.storyboard; sourceTree = "<group>"; };
		62C7DEB72A0B2652004B76DE /* trabalho_final.xcdatamodel */ = {isa = PBXFileReference; lastKnownFileType = wrapper.xcdatamodel; path = trabalho_final.xcdatamodel; sourceTree = "<group>"; };
		62C7DEB92A0B2656004B76DE /* Assets.xcassets */ = {isa = PBXFileReference; lastKnownFileType = folder.assetcatalog; path = Assets.xcassets; sourceTree = "<group>"; };
		62C7DEBC2A0B2656004B76DE /* Base */ = {isa = PBXFileReference; lastKnownFileType = file.storyboard; name = Base; path = Base.lproj/LaunchScreen.storyboard; sourceTree = "<group>"; };
		62C7DEBE2A0B2656004B76DE /* Info.plist */ = {isa = PBXFileReference; lastKnownFileType = text.plist.xml; path = Info.plist; sourceTree = "<group>"; };
		62D6F14F2A1AC99F00715F0A /* ChecklistViewController.swift */ = {isa = PBXFileReference; lastKnownFileType = sourcecode.swift; path = ChecklistViewController.swift; sourceTree = "<group>"; };
		62D6F1552A1ACE5E00715F0A /* ChecklistModel.swift */ = {isa = PBXFileReference; lastKnownFileType = sourcecode.swift; path = ChecklistModel.swift; sourceTree = "<group>"; };
		62D6F1582A1AFF7200715F0A /* Extensions.swift */ = {isa = PBXFileReference; lastKnownFileType = sourcecode.swift; path = Extensions.swift; sourceTree = "<group>"; };
		62D6F15B2A1B09EB00715F0A /* Colors.xcassets */ = {isa = PBXFileReference; lastKnownFileType = folder.assetcatalog; path = Colors.xcassets; sourceTree = "<group>"; };
/* End PBXFileReference section */

/* Begin PBXFrameworksBuildPhase section */
		62C7DEA72A0B2652004B76DE /* Frameworks */ = {
			isa = PBXFrameworksBuildPhase;
			buildActionMask = 2147483647;
			files = (
			);
			runOnlyForDeploymentPostprocessing = 0;
		};
/* End PBXFrameworksBuildPhase section */

/* Begin PBXGroup section */
		62C7DEA12A0B2652004B76DE = {
			isa = PBXGroup;
			children = (
				62C7DEAC2A0B2652004B76DE /* trabalho-final */,
				62C7DEAB2A0B2652004B76DE /* Products */,
			);
			sourceTree = "<group>";
		};
		62C7DEAB2A0B2652004B76DE /* Products */ = {
			isa = PBXGroup;
			children = (
				62C7DEAA2A0B2652004B76DE /* trabalho-final.app */,
			);
			name = Products;
			sourceTree = "<group>";
		};
		62C7DEAC2A0B2652004B76DE /* trabalho-final */ = {
			isa = PBXGroup;
			children = (
				62D6F15E2A1B104700715F0A /* Assets */,
				62D6F1572A1AFF6000715F0A /* Extensions */,
				62D6F1542A1ACB5600715F0A /* Storyboards */,
				62D6F1532A1ACB4D00715F0A /* Models */,
				62D6F14E2A1AC98100715F0A /* Controllers */,
				62C7DEAD2A0B2652004B76DE /* AppDelegate.swift */,
				62C7DEAF2A0B2652004B76DE /* SceneDelegate.swift */,
				62C7DEBE2A0B2656004B76DE /* Info.plist */,
				62C7DEB62A0B2652004B76DE /* trabalho_final.xcdatamodeld */,
			);
			path = "trabalho-final";
			sourceTree = "<group>";
		};
		62D6F14E2A1AC98100715F0A /* Controllers */ = {
			isa = PBXGroup;
			children = (
				62C7DEB12A0B2652004B76DE /* ViewController.swift */,
				62D6F14F2A1AC99F00715F0A /* ChecklistViewController.swift */,
			);
			path = Controllers;
			sourceTree = "<group>";
		};
		62D6F1532A1ACB4D00715F0A /* Models */ = {
			isa = PBXGroup;
			children = (
				62D6F1552A1ACE5E00715F0A /* ChecklistModel.swift */,
			);
			path = Models;
			sourceTree = "<group>";
		};
		62D6F1542A1ACB5600715F0A /* Storyboards */ = {
			isa = PBXGroup;
			children = (
				62C7DEB32A0B2652004B76DE /* Main.storyboard */,
				62C7DEBB2A0B2656004B76DE /* LaunchScreen.storyboard */,
			);
			path = Storyboards;
			sourceTree = "<group>";
		};
		62D6F1572A1AFF6000715F0A /* Extensions */ = {
			isa = PBXGroup;
			children = (
				62D6F1582A1AFF7200715F0A /* Extensions.swift */,
			);
			path = Extensions;
			sourceTree = "<group>";
		};
		62D6F15E2A1B104700715F0A /* Assets */ = {
			isa = PBXGroup;
			children = (
				62C7DEB92A0B2656004B76DE /* Assets.xcassets */,
				62D6F15B2A1B09EB00715F0A /* Colors.xcassets */,
			);
			path = Assets;
			sourceTree = "<group>";
		};
/* End PBXGroup section */

/* Begin PBXNativeTarget section */
		62C7DEA92A0B2652004B76DE /* trabalho-final */ = {
			isa = PBXNativeTarget;
			buildConfigurationList = 62C7DEC12A0B2656004B76DE /* Build configuration list for PBXNativeTarget "trabalho-final" */;
			buildPhases = (
				62C7DEA62A0B2652004B76DE /* Sources */,
				62C7DEA72A0B2652004B76DE /* Frameworks */,
				62C7DEA82A0B2652004B76DE /* Resources */,
			);
			buildRules = (
			);
			dependencies = (
			);
			name = "trabalho-final";
			productName = "trabalho-final";
			productReference = 62C7DEAA2A0B2652004B76DE /* trabalho-final.app */;
			productType = "com.apple.product-type.application";
		};
/* End PBXNativeTarget section */

/* Begin PBXProject section */
		62C7DEA22A0B2652004B76DE /* Project object */ = {
			isa = PBXProject;
			attributes = {
				BuildIndependentTargetsInParallel = 1;
				LastSwiftUpdateCheck = 1420;
				LastUpgradeCheck = 1420;
				TargetAttributes = {
					62C7DEA92A0B2652004B76DE = {
						CreatedOnToolsVersion = 14.2;
					};
				};
			};
			buildConfigurationList = 62C7DEA52A0B2652004B76DE /* Build configuration list for PBXProject "trabalho-final" */;
			compatibilityVersion = "Xcode 14.0";
			developmentRegion = en;
			hasScannedForEncodings = 0;
			knownRegions = (
				en,
				Base,
			);
			mainGroup = 62C7DEA12A0B2652004B76DE;
			productRefGroup = 62C7DEAB2A0B2652004B76DE /* Products */;
			projectDirPath = "";
			projectRoot = "";
			targets = (
				62C7DEA92A0B2652004B76DE /* trabalho-final */,
			);
		};
/* End PBXProject section */

/* Begin PBXResourcesBuildPhase section */
		62C7DEA82A0B2652004B76DE /* Resources */ = {
			isa = PBXResourcesBuildPhase;
			buildActionMask = 2147483647;
			files = (
				62C7DEBD2A0B2656004B76DE /* LaunchScreen.storyboard in Resources */,
				62D6F15C2A1B09EB00715F0A /* Colors.xcassets in Resources */,
				62C7DEBA2A0B2656004B76DE /* Assets.xcassets in Resources */,
				62C7DEB52A0B2652004B76DE /* Main.storyboard in Resources */,
			);
			runOnlyForDeploymentPostprocessing = 0;
		};
/* End PBXResourcesBuildPhase section */

/* Begin PBXSourcesBuildPhase section */
		62C7DEA62A0B2652004B76DE /* Sources */ = {
			isa = PBXSourcesBuildPhase;
			buildActionMask = 2147483647;
			files = (
				62C7DEB22A0B2652004B76DE /* ViewController.swift in Sources */,
				62C7DEB82A0B2652004B76DE /* trabalho_final.xcdatamodeld in Sources */,
				62D6F1562A1ACE5E00715F0A /* ChecklistModel.swift in Sources */,
				62C7DEAE2A0B2652004B76DE /* AppDelegate.swift in Sources */,
				62D6F1502A1AC99F00715F0A /* ChecklistViewController.swift in Sources */,
				62C7DEB02A0B2652004B76DE /* SceneDelegate.swift in Sources */,
				62D6F1592A1AFF7200715F0A /* Extensions.swift in Sources */,
			);
			runOnlyForDeploymentPostprocessing = 0;
		};
/* End PBXSourcesBuildPhase section */

/* Begin PBXVariantGroup section */
		62C7DEB32A0B2652004B76DE /* Main.storyboard */ = {
			isa = PBXVariantGroup;
			children = (
				62C7DEB42A0B2652004B76DE /* Base */,
			);
			name = Main.storyboard;
			sourceTree = "<group>";
		};
		62C7DEBB2A0B2656004B76DE /* LaunchScreen.storyboard */ = {
			isa = PBXVariantGroup;
			children = (
				62C7DEBC2A0B2656004B76DE /* Base */,
			);
			name = LaunchScreen.storyboard;
			sourceTree = "<group>";
		};
/* End PBXVariantGroup section */

/* Begin XCBuildConfiguration section */
		62C7DEBF2A0B2656004B76DE /* Debug */ = {
			isa = XCBuildConfiguration;
			buildSettings = {
				ALWAYS_SEARCH_USER_PATHS = NO;
				CLANG_ANALYZER_NONNULL = YES;
				CLANG_ANALYZER_NUMBER_OBJECT_CONVERSION = YES_AGGRESSIVE;
				CLANG_CXX_LANGUAGE_STANDARD = "gnu++20";
				CLANG_ENABLE_MODULES = YES;
				CLANG_ENABLE_OBJC_ARC = YES;
				CLANG_ENABLE_OBJC_WEAK = YES;
				CLANG_WARN_BLOCK_CAPTURE_AUTORELEASING = YES;
				CLANG_WARN_BOOL_CONVERSION = YES;
				CLANG_WARN_COMMA = YES;
				CLANG_WARN_CONSTANT_CONVERSION = YES;
				CLANG_WARN_DEPRECATED_OBJC_IMPLEMENTATIONS = YES;
				CLANG_WARN_DIRECT_OBJC_ISA_USAGE = YES_ERROR;
				CLANG_WARN_DOCUMENTATION_COMMENTS = YES;
				CLANG_WARN_EMPTY_BODY = YES;
				CLANG_WARN_ENUM_CONVERSION = YES;
				CLANG_WARN_INFINITE_RECURSION = YES;
				CLANG_WARN_INT_CONVERSION = YES;
				CLANG_WARN_NON_LITERAL_NULL_CONVERSION = YES;
				CLANG_WARN_OBJC_IMPLICIT_RETAIN_SELF = YES;
				CLANG_WARN_OBJC_LITERAL_CONVERSION = YES;
				CLANG_WARN_OBJC_ROOT_CLASS = YES_ERROR;
				CLANG_WARN_QUOTED_INCLUDE_IN_FRAMEWORK_HEADER = YES;
				CLANG_WARN_RANGE_LOOP_ANALYSIS = YES;
				CLANG_WARN_STRICT_PROTOTYPES = YES;
				CLANG_WARN_SUSPICIOUS_MOVE = YES;
				CLANG_WARN_UNGUARDED_AVAILABILITY = YES_AGGRESSIVE;
				CLANG_WARN_UNREACHABLE_CODE = YES;
				CLANG_WARN__DUPLICATE_METHOD_MATCH = YES;
				COPY_PHASE_STRIP = NO;
				DEBUG_INFORMATION_FORMAT = dwarf;
				ENABLE_STRICT_OBJC_MSGSEND = YES;
				ENABLE_TESTABILITY = YES;
				GCC_C_LANGUAGE_STANDARD = gnu11;
				GCC_DYNAMIC_NO_PIC = NO;
				GCC_NO_COMMON_BLOCKS = YES;
				GCC_OPTIMIZATION_LEVEL = 0;
				GCC_PREPROCESSOR_DEFINITIONS = (
					"DEBUG=1",
					"$(inherited)",
				);
				GCC_WARN_64_TO_32_BIT_CONVERSION = YES;
				GCC_WARN_ABOUT_RETURN_TYPE = YES_ERROR;
				GCC_WARN_UNDECLARED_SELECTOR = YES;
				GCC_WARN_UNINITIALIZED_AUTOS = YES_AGGRESSIVE;
				GCC_WARN_UNUSED_FUNCTION = YES;
				GCC_WARN_UNUSED_VARIABLE = YES;
				IPHONEOS_DEPLOYMENT_TARGET = 16.2;
				MTL_ENABLE_DEBUG_INFO = INCLUDE_SOURCE;
				MTL_FAST_MATH = YES;
				ONLY_ACTIVE_ARCH = YES;
				SDKROOT = iphoneos;
				SWIFT_ACTIVE_COMPILATION_CONDITIONS = DEBUG;
				SWIFT_OPTIMIZATION_LEVEL = "-Onone";
			};
			name = Debug;
		};
		62C7DEC02A0B2656004B76DE /* Release */ = {
			isa = XCBuildConfiguration;
			buildSettings = {
				ALWAYS_SEARCH_USER_PATHS = NO;
				CLANG_ANALYZER_NONNULL = YES;
				CLANG_ANALYZER_NUMBER_OBJECT_CONVERSION = YES_AGGRESSIVE;
				CLANG_CXX_LANGUAGE_STANDARD = "gnu++20";
				CLANG_ENABLE_MODULES = YES;
				CLANG_ENABLE_OBJC_ARC = YES;
				CLANG_ENABLE_OBJC_WEAK = YES;
				CLANG_WARN_BLOCK_CAPTURE_AUTORELEASING = YES;
				CLANG_WARN_BOOL_CONVERSION = YES;
				CLANG_WARN_COMMA = YES;
				CLANG_WARN_CONSTANT_CONVERSION = YES;
				CLANG_WARN_DEPRECATED_OBJC_IMPLEMENTATIONS = YES;
				CLANG_WARN_DIRECT_OBJC_ISA_USAGE = YES_ERROR;
				CLANG_WARN_DOCUMENTATION_COMMENTS = YES;
				CLANG_WARN_EMPTY_BODY = YES;
				CLANG_WARN_ENUM_CONVERSION = YES;
				CLANG_WARN_INFINITE_RECURSION = YES;
				CLANG_WARN_INT_CONVERSION = YES;
				CLANG_WARN_NON_LITERAL_NULL_CONVERSION = YES;
				CLANG_WARN_OBJC_IMPLICIT_RETAIN_SELF = YES;
				CLANG_WARN_OBJC_LITERAL_CONVERSION = YES;
				CLANG_WARN_OBJC_ROOT_CLASS = YES_ERROR;
				CLANG_WARN_QUOTED_INCLUDE_IN_FRAMEWORK_HEADER = YES;
				CLANG_WARN_RANGE_LOOP_ANALYSIS = YES;
				CLANG_WARN_STRICT_PROTOTYPES = YES;
				CLANG_WARN_SUSPICIOUS_MOVE = YES;
				CLANG_WARN_UNGUARDED_AVAILABILITY = YES_AGGRESSIVE;
				CLANG_WARN_UNREACHABLE_CODE = YES;
				CLANG_WARN__DUPLICATE_METHOD_MATCH = YES;
				COPY_PHASE_STRIP = NO;
				DEBUG_INFORMATION_FORMAT = "dwarf-with-dsym";
				ENABLE_NS_ASSERTIONS = NO;
				ENABLE_STRICT_OBJC_MSGSEND = YES;
				GCC_C_LANGUAGE_STANDARD = gnu11;
				GCC_NO_COMMON_BLOCKS = YES;
				GCC_WARN_64_TO_32_BIT_CONVERSION = YES;
				GCC_WARN_ABOUT_RETURN_TYPE = YES_ERROR;
				GCC_WARN_UNDECLARED_SELECTOR = YES;
				GCC_WARN_UNINITIALIZED_AUTOS = YES_AGGRESSIVE;
				GCC_WARN_UNUSED_FUNCTION = YES;
				GCC_WARN_UNUSED_VARIABLE = YES;
				IPHONEOS_DEPLOYMENT_TARGET = 16.2;
				MTL_ENABLE_DEBUG_INFO = NO;
				MTL_FAST_MATH = YES;
				SDKROOT = iphoneos;
				SWIFT_COMPILATION_MODE = wholemodule;
				SWIFT_OPTIMIZATION_LEVEL = "-O";
				VALIDATE_PRODUCT = YES;
			};
			name = Release;
		};
		62C7DEC22A0B2656004B76DE /* Debug */ = {
			isa = XCBuildConfiguration;
			buildSettings = {
				ASSETCATALOG_COMPILER_APPICON_NAME = AppIcon;
				ASSETCATALOG_COMPILER_GLOBAL_ACCENT_COLOR_NAME = AccentColor;
				CODE_SIGN_STYLE = Automatic;
				CURRENT_PROJECT_VERSION = 1;
				GENERATE_INFOPLIST_FILE = YES;
				INFOPLIST_FILE = "trabalho-final/Info.plist";
				INFOPLIST_KEY_UIApplicationSupportsIndirectInputEvents = YES;
				INFOPLIST_KEY_UILaunchStoryboardName = LaunchScreen;
				INFOPLIST_KEY_UIMainStoryboardFile = Main;
				INFOPLIST_KEY_UISupportedInterfaceOrientations = UIInterfaceOrientationPortrait;
				INFOPLIST_KEY_UISupportedInterfaceOrientations_iPad = "UIInterfaceOrientationLandscapeLeft UIInterfaceOrientationLandscapeRight UIInterfaceOrientationPortrait UIInterfaceOrientationPortraitUpsideDown";
				LD_RUNPATH_SEARCH_PATHS = (
					"$(inherited)",
					"@executable_path/Frameworks",
				);
				MARKETING_VERSION = 1.0;
				PRODUCT_BUNDLE_IDENTIFIER = "com.tabita.trabalho-final";
				PRODUCT_NAME = "$(TARGET_NAME)";
				SUPPORTED_PLATFORMS = "iphoneos iphonesimulator";
				SUPPORTS_MACCATALYST = NO;
				SUPPORTS_MAC_DESIGNED_FOR_IPHONE_IPAD = NO;
				SWIFT_EMIT_LOC_STRINGS = YES;
				SWIFT_VERSION = 5.0;
				TARGETED_DEVICE_FAMILY = 1;
			};
			name = Debug;
		};
		62C7DEC32A0B2656004B76DE /* Release */ = {
			isa = XCBuildConfiguration;
			buildSettings = {
				ASSETCATALOG_COMPILER_APPICON_NAME = AppIcon;
				ASSETCATALOG_COMPILER_GLOBAL_ACCENT_COLOR_NAME = AccentColor;
				CODE_SIGN_STYLE = Automatic;
				CURRENT_PROJECT_VERSION = 1;
				GENERATE_INFOPLIST_FILE = YES;
				INFOPLIST_FILE = "trabalho-final/Info.plist";
				INFOPLIST_KEY_UIApplicationSupportsIndirectInputEvents = YES;
				INFOPLIST_KEY_UILaunchStoryboardName = LaunchScreen;
				INFOPLIST_KEY_UIMainStoryboardFile = Main;
				INFOPLIST_KEY_UISupportedInterfaceOrientations = UIInterfaceOrientationPortrait;
				INFOPLIST_KEY_UISupportedInterfaceOrientations_iPad = "UIInterfaceOrientationLandscapeLeft UIInterfaceOrientationLandscapeRight UIInterfaceOrientationPortrait UIInterfaceOrientationPortraitUpsideDown";
				LD_RUNPATH_SEARCH_PATHS = (
					"$(inherited)",
					"@executable_path/Frameworks",
				);
				MARKETING_VERSION = 1.0;
				PRODUCT_BUNDLE_IDENTIFIER = "com.tabita.trabalho-final";
				PRODUCT_NAME = "$(TARGET_NAME)";
				SUPPORTED_PLATFORMS = "iphoneos iphonesimulator";
				SUPPORTS_MACCATALYST = NO;
				SUPPORTS_MAC_DESIGNED_FOR_IPHONE_IPAD = NO;
				SWIFT_EMIT_LOC_STRINGS = YES;
				SWIFT_VERSION = 5.0;
				TARGETED_DEVICE_FAMILY = 1;
			};
			name = Release;
		};
/* End XCBuildConfiguration section */

/* Begin XCConfigurationList section */
		62C7DEA52A0B2652004B76DE /* Build configuration list for PBXProject "trabalho-final" */ = {
			isa = XCConfigurationList;
			buildConfigurations = (
				62C7DEBF2A0B2656004B76DE /* Debug */,
				62C7DEC02A0B2656004B76DE /* Release */,
			);
			defaultConfigurationIsVisible = 0;
			defaultConfigurationName = Release;
		};
		62C7DEC12A0B2656004B76DE /* Build configuration list for PBXNativeTarget "trabalho-final" */ = {
			isa = XCConfigurationList;
			buildConfigurations = (
				62C7DEC22A0B2656004B76DE /* Debug */,
				62C7DEC32A0B2656004B76DE /* Release */,
			);
			defaultConfigurationIsVisible = 0;
			defaultConfigurationName = Release;
		};
/* End XCConfigurationList section */

/* Begin XCVersionGroup section */
		62C7DEB62A0B2652004B76DE /* trabalho_final.xcdatamodeld */ = {
			isa = XCVersionGroup;
			children = (
				62C7DEB72A0B2652004B76DE /* trabalho_final.xcdatamodel */,
			);
			currentVersion = 62C7DEB72A0B2652004B76DE /* trabalho_final.xcdatamodel */;
			path = trabalho_final.xcdatamodeld;
			sourceTree = "<group>";
			versionGroupType = wrapper.xcdatamodel;
		};
/* End XCVersionGroup section */
	};
	rootObject = 62C7DEA22A0B2652004B76DE /* Project object */;
}
